
Microsoft Visual Studio Solution File, Format Version 12.00
# Visual Studio Version 17
VisualStudioVersion = 17.0.31903.59
MinimumVisualStudioVersion = 10.0.40219.1
Project("{FAE04EC0-301F-11D3-BF4B-00C04F79EFBC}") = "GroceriesApp.Shared", "GroceriesApp.Shared\GroceriesApp.Shared.csproj", "{8245B9B6-BEB9-4998-ABEB-F908703EBC60}"
EndProject
Project("{FAE04EC0-301F-11D3-BF4B-00C04F79EFBC}") = "GroceriesApp.Api", "GroceriesApp.Api\GroceriesApp.Api.csproj", "{D4BA4F84-E28C-4B81-91C5-413FC2FAE20A}"
EndProject
Project("{FAE04EC0-301F-11D3-BF4B-00C04F79EFBC}") = "GroceriesApp.Tests", "GroceriesApp.Tests\GroceriesApp.Tests.csproj", "{8347BFCB-E332-4954-A1D3-9C6D18B507D7}"
EndProject
Global
	GlobalSection(SolutionConfigurationPlatforms) = preSolution
		Debug|Any CPU = Debug|Any CPU
		Release|Any CPU = Release|Any CPU
	EndGlobalSection
	GlobalSection(ProjectConfigurationPlatforms) = postSolution
		{8245B9B6-BEB9-4998-ABEB-F908703EBC60}.Debug|Any CPU.ActiveCfg = Debug|Any CPU
		{8245B9B6-BEB9-4998-ABEB-F908703EBC60}.Debug|Any CPU.Build.0 = Debug|Any CPU
		{8245B9B6-BEB9-4998-ABEB-F908703EBC60}.Release|Any CPU.ActiveCfg = Release|Any CPU
		{8245B9B6-BEB9-4998-ABEB-F908703EBC60}.Release|Any CPU.Build.0 = Release|Any CPU
		{D4BA4F84-E28C-4B81-91C5-413FC2FAE20A}.Debug|Any CPU.ActiveCfg = Debug|Any CPU
		{D4BA4F84-E28C-4B81-91C5-413FC2FAE20A}.Debug|Any CPU.Build.0 = Debug|Any CPU
		{D4BA4F84-E28C-4B81-91C5-413FC2FAE20A}.Release|Any CPU.ActiveCfg = Release|Any CPU
		{D4BA4F84-E28C-4B81-91C5-413FC2FAE20A}.Release|Any CPU.Build.0 = Release|Any CPU
		{8347BFCB-E332-4954-A1D3-9C6D18B507D7}.Debug|Any CPU.ActiveCfg = Debug|Any CPU
		{8347BFCB-E332-4954-A1D3-9C6D18B507D7}.Debug|Any CPU.Build.0 = Debug|Any CPU
		{8347BFCB-E332-4954-A1D3-9C6D18B507D7}.Release|Any CPU.ActiveCfg = Release|Any CPU
		{8347BFCB-E332-4954-A1D3-9C6D18B507D7}.Release|Any CPU.Build.0 = Release|Any CPU
	EndGlobalSection
	GlobalSection(SolutionProperties) = preSolution
		HideSolutionNode = FALSE
	EndGlobalSection
	GlobalSection(ExtensibilityGlobals) = postSolution
		SolutionGuid = {8F6E9888-246C-4D62-B043-C9930655F7D7}
	EndGlobalSection
EndGlobal
